{
  "name": "Playground",
  "lockfileVersion": 3,
  "requires": true,
  "packages": {
    "": {
      "devDependencies": {
        "@types/hapi__joi": "^17.1.14"
      }
    },
    "node_modules/@types/hapi__joi": {
      "version": "17.1.14",
      "resolved": "https://registry.npmjs.org/@types/hapi__joi/-/hapi__joi-17.1.14.tgz",
      "integrity": "sha512-elV1VhwXUfA1sw59ij75HWyCH+3cA7xLbaOY9GQ+iQo/S+jSSf22LNZAmsXMdfV8DZwquCZaCT+F43Xf6/txrQ==",
      "dev": true
    }
  }
}
